
Microsoft Visual Studio Solution File, Format Version 12.00
# Visual Studio Version 17
VisualStudioVersion = 17.0.31903.59
MinimumVisualStudioVersion = 10.0.40219.1
Project("{2150E333-8FDC-42A3-9474-1A3956D46DE8}") = "src", "src", "{827E0CD3-B72D-47B6-A68D-7590B98EB39B}"
EndProject
Project("{FAE04EC0-301F-11D3-BF4B-00C04F79EFBC}") = "GameKit.Core", "src\GameKit.Core\GameKit.Core.csproj", "{82C7D56F-6FC6-4220-AFCA-2C20DF179F18}"
EndProject
Project("{2150E333-8FDC-42A3-9474-1A3956D46DE8}") = "tests", "tests", "{0AB3BF05-4346-4AA6-1389-037BE0695223}"
EndProject
Project("{FAE04EC0-301F-11D3-BF4B-00C04F79EFBC}") = "GameKit.Core.Tests", "tests\GameKit.Core.Tests\GameKit.Core.Tests.csproj", "{5E8BB5F1-A879-4EC3-9EC7-2409B99ADD09}"
EndProject
Project("{FAE04EC0-301F-11D3-BF4B-00C04F79EFBC}") = "GameKit.Auth", "src\GameKit.Auth\GameKit.Auth.csproj", "{3870E2C9-E4B5-4049-AE24-25727AD8DF80}"
EndProject
Project("{FAE04EC0-301F-11D3-BF4B-00C04F79EFBC}") = "GameKit.Rankings", "src\GameKit.Rankings\GameKit.Rankings.csproj", "{3F9B40C8-AE18-499A-980E-FA3E95ACF527}"
EndProject
Project("{FAE04EC0-301F-11D3-BF4B-00C04F79EFBC}") = "GameKit.Matchmaking", "src\GameKit.Matchmaking\GameKit.Matchmaking.csproj", "{83BA1495-6CF9-4005-BC60-06668CE94EE7}"
EndProject
Project("{FAE04EC0-301F-11D3-BF4B-00C04F79EFBC}") = "GameKit.Presence", "src\GameKit.Presence\GameKit.Presence.csproj", "{B5C6788D-CB64-4D18-9C39-6957F4B8272B}"
EndProject
Project("{FAE04EC0-301F-11D3-BF4B-00C04F79EFBC}") = "GameKit.Admin.UI", "src\GameKit.Admin.UI\GameKit.Admin.UI.csproj", "{447305E7-6DD7-4D8F-BE0E-FB88C9951C50}"
EndProject
Project("{FAE04EC0-301F-11D3-BF4B-00C04F79EFBC}") = "GameKit.Cli", "src\GameKit.Cli\GameKit.Cli.csproj", "{AB0E2D3A-4554-4AB2-89DD-B4C9DCA087A1}"
EndProject
Project("{2150E333-8FDC-42A3-9474-1A3956D46DE8}") = "samples", "samples", "{5D20AA90-6969-D8BD-9DCD-8634F4692FDA}"
EndProject
Project("{FAE04EC0-301F-11D3-BF4B-00C04F79EFBC}") = "TicTacToeDuel", "samples\TicTacToeDuel\TicTacToeDuel.csproj", "{50625367-18F0-4D1B-8FD7-3E6C9812F7CF}"
EndProject
Project("{FAE04EC0-301F-11D3-BF4B-00C04F79EFBC}") = "GameKit.TestFixtures", "tests\GameKit.TestFixtures\GameKit.TestFixtures.csproj", "{26DEDACB-52DD-423A-923A-1DFDCA17765B}"
EndProject
Project("{FAE04EC0-301F-11D3-BF4B-00C04F79EFBC}") = "GameKit.Core.Integration.Tests", "tests\GameKit.Core.Integration.Tests\GameKit.Core.Integration.Tests.csproj", "{F4D124FD-DE0B-4058-8D1E-0E35601158A9}"
EndProject
Project("{FAE04EC0-301F-11D3-BF4B-00C04F79EFBC}") = "GameKit.Integration.Tests", "tests\GameKit.Integration.Tests\GameKit.Integration.Tests.csproj", "{E4E8D3F3-94FD-4ED7-B7E9-9B3E25379786}"
EndProject
Project("{FAE04EC0-301F-11D3-BF4B-00C04F79EFBC}") = "GameKit.Cli.Tests", "tests\GameKit.Cli.Tests\GameKit.Cli.Tests.csproj", "{13837349-0A05-494B-AFD8-B55FB5F59CCD}"
EndProject
Project("{FAE04EC0-301F-11D3-BF4B-00C04F79EFBC}") = "GameKit.Auth.Tests", "tests\GameKit.Auth.Tests\GameKit.Auth.Tests.csproj", "{0435695C-EAB1-4F26-8FA1-5F26CBBD94A2}"
EndProject
Project("{FAE04EC0-301F-11D3-BF4B-00C04F79EFBC}") = "GameKit.Auth.Integration.Tests", "tests\GameKit.Auth.Integration.Tests\GameKit.Auth.Integration.Tests.csproj", "{1755BA30-ECA1-4B4F-ACD7-05BFE8C2BD20}"
EndProject
Project("{FAE04EC0-301F-11D3-BF4B-00C04F79EFBC}") = "GameKit.Admin.Tests", "tests\GameKit.Admin.Tests\GameKit.Admin.Tests.csproj", "{83C46BC1-EBBB-4EBA-88F6-A0D06FB33950}"
EndProject
Project("{FAE04EC0-301F-11D3-BF4B-00C04F79EFBC}") = "GameKit.Admin.Integration.Tests", "tests\GameKit.Admin.Integration.Tests\GameKit.Admin.Integration.Tests.csproj", "{0C45411B-A7F4-4DE3-A0AA-219DEBB99AAB}"
EndProject
Project("{FAE04EC0-301F-11D3-BF4B-00C04F79EFBC}") = "GameKit.Rankings.Tests", "tests\GameKit.Rankings.Tests\GameKit.Rankings.Tests.csproj", "{97532302-083B-4CE5-86F4-E18746CB32A8}"
EndProject
Project("{FAE04EC0-301F-11D3-BF4B-00C04F79EFBC}") = "GameKit.Rankings.Integration.Tests", "tests\GameKit.Rankings.Integration.Tests\GameKit.Rankings.Integration.Tests.csproj", "{984FFCD4-2EB2-4BC9-BE5E-7FB0544C7019}"
EndProject
Project("{FAE04EC0-301F-11D3-BF4B-00C04F79EFBC}") = "GameKit.Matchmaking.Tests", "tests\GameKit.Matchmaking.Tests\GameKit.Matchmaking.Tests.csproj", "{46A3AA12-CB7C-4548-89CF-63359096E594}"
EndProject
Project("{FAE04EC0-301F-11D3-BF4B-00C04F79EFBC}") = "GameKit.Matchmaking.Integration.Tests", "tests\GameKit.Matchmaking.Integration.Tests\GameKit.Matchmaking.Integration.Tests.csproj", "{F24ADDED-3F15-44AA-AA04-D68D60A66778}"
EndProject
Project("{FAE04EC0-301F-11D3-BF4B-00C04F79EFBC}") = "GameKit.Matchmaking.LoadTests", "tests\GameKit.Matchmaking.LoadTests\GameKit.Matchmaking.LoadTests.csproj", "{F4364DE7-8FFA-4C4B-A32D-390FB1A64B9A}"
EndProject
Project("{FAE04EC0-301F-11D3-BF4B-00C04F79EFBC}") = "GameKit.Presence.Tests", "tests\GameKit.Presence.Tests\GameKit.Presence.Tests.csproj", "{8BAE1D06-1A0C-410D-8DBD-B1E196839448}"
EndProject
Project("{FAE04EC0-301F-11D3-BF4B-00C04F79EFBC}") = "GameKit.Presence.Integration.Tests", "tests\GameKit.Presence.Integration.Tests\GameKit.Presence.Integration.Tests.csproj", "{E1DFD3AE-8CB2-4F42-ABD6-6632318903DB}"
EndProject
Project("{FAE04EC0-301F-11D3-BF4B-00C04F79EFBC}") = "GameKit.OpenApi", "src\GameKit.OpenApi\GameKit.OpenApi.csproj", "{506A2533-75C9-4517-BD6A-E83E8F847001}"
EndProject
Project("{FAE04EC0-301F-11D3-BF4B-00C04F79EFBC}") = "GameKit.OpenApi.Integration.Tests", "tests\GameKit.OpenApi.Integration.Tests\GameKit.OpenApi.Integration.Tests.csproj", "{CAC4311F-1A68-4AFF-A10B-DF7FA36E5712}"
EndProject
Project("{FAE04EC0-301F-11D3-BF4B-00C04F79EFBC}") = "GameKit.Distribution.Integration.Tests", "tests\GameKit.Distribution.Integration.Tests\GameKit.Distribution.Integration.Tests.csproj", "{CAAD8020-A852-41D5-8F53-FF46C352125D}"
EndProject
Project("{FAE04EC0-301F-11D3-BF4B-00C04F79EFBC}") = "TicTacToeDuel.GameServer", "samples\TicTacToeDuel.GameServer\TicTacToeDuel.GameServer.csproj", "{0C66424E-3C8E-4DB3-AB30-84706C6A4913}"
EndProject
Global
	GlobalSection(SolutionConfigurationPlatforms) = preSolution
		Debug|Any CPU = Debug|Any CPU
		Debug|x64 = Debug|x64
		Debug|x86 = Debug|x86
		Release|Any CPU = Release|Any CPU
		Release|x64 = Release|x64
		Release|x86 = Release|x86
	EndGlobalSection
	GlobalSection(ProjectConfigurationPlatforms) = postSolution
		{82C7D56F-6FC6-4220-AFCA-2C20DF179F18}.Debug|Any CPU.ActiveCfg = Debug|Any CPU
		{82C7D56F-6FC6-4220-AFCA-2C20DF179F18}.Debug|Any CPU.Build.0 = Debug|Any CPU
		{82C7D56F-6FC6-4220-AFCA-2C20DF179F18}.Debug|x64.ActiveCfg = Debug|Any CPU
		{82C7D56F-6FC6-4220-AFCA-2C20DF179F18}.Debug|x64.Build.0 = Debug|Any CPU
		{82C7D56F-6FC6-4220-AFCA-2C20DF179F18}.Debug|x86.ActiveCfg = Debug|Any CPU
		{82C7D56F-6FC6-4220-AFCA-2C20DF179F18}.Debug|x86.Build.0 = Debug|Any CPU
		{82C7D56F-6FC6-4220-AFCA-2C20DF179F18}.Release|Any CPU.ActiveCfg = Release|Any CPU
		{82C7D56F-6FC6-4220-AFCA-2C20DF179F18}.Release|Any CPU.Build.0 = Release|Any CPU
		{82C7D56F-6FC6-4220-AFCA-2C20DF179F18}.Release|x64.ActiveCfg = Release|Any CPU
		{82C7D56F-6FC6-4220-AFCA-2C20DF179F18}.Release|x64.Build.0 = Release|Any CPU
		{82C7D56F-6FC6-4220-AFCA-2C20DF179F18}.Release|x86.ActiveCfg = Release|Any CPU
		{82C7D56F-6FC6-4220-AFCA-2C20DF179F18}.Release|x86.Build.0 = Release|Any CPU
		{5E8BB5F1-A879-4EC3-9EC7-2409B99ADD09}.Debug|Any CPU.ActiveCfg = Debug|Any CPU
		{5E8BB5F1-A879-4EC3-9EC7-2409B99ADD09}.Debug|Any CPU.Build.0 = Debug|Any CPU
		{5E8BB5F1-A879-4EC3-9EC7-2409B99ADD09}.Debug|x64.ActiveCfg = Debug|Any CPU
		{5E8BB5F1-A879-4EC3-9EC7-2409B99ADD09}.Debug|x64.Build.0 = Debug|Any CPU
		{5E8BB5F1-A879-4EC3-9EC7-2409B99ADD09}.Debug|x86.ActiveCfg = Debug|Any CPU
		{5E8BB5F1-A879-4EC3-9EC7-2409B99ADD09}.Debug|x86.Build.0 = Debug|Any CPU
		{5E8BB5F1-A879-4EC3-9EC7-2409B99ADD09}.Release|Any CPU.ActiveCfg = Release|Any CPU
		{5E8BB5F1-A879-4EC3-9EC7-2409B99ADD09}.Release|Any CPU.Build.0 = Release|Any CPU
		{5E8BB5F1-A879-4EC3-9EC7-2409B99ADD09}.Release|x64.ActiveCfg = Release|Any CPU
		{5E8BB5F1-A879-4EC3-9EC7-2409B99ADD09}.Release|x64.Build.0 = Release|Any CPU
		{5E8BB5F1-A879-4EC3-9EC7-2409B99ADD09}.Release|x86.ActiveCfg = Release|Any CPU
		{5E8BB5F1-A879-4EC3-9EC7-2409B99ADD09}.Release|x86.Build.0 = Release|Any CPU
		{3870E2C9-E4B5-4049-AE24-25727AD8DF80}.Debug|Any CPU.ActiveCfg = Debug|Any CPU
		{3870E2C9-E4B5-4049-AE24-25727AD8DF80}.Debug|Any CPU.Build.0 = Debug|Any CPU
		{3870E2C9-E4B5-4049-AE24-25727AD8DF80}.Debug|x64.ActiveCfg = Debug|Any CPU
		{3870E2C9-E4B5-4049-AE24-25727AD8DF80}.Debug|x64.Build.0 = Debug|Any CPU
		{3870E2C9-E4B5-4049-AE24-25727AD8DF80}.Debug|x86.ActiveCfg = Debug|Any CPU
		{3870E2C9-E4B5-4049-AE24-25727AD8DF80}.Debug|x86.Build.0 = Debug|Any CPU
		{3870E2C9-E4B5-4049-AE24-25727AD8DF80}.Release|Any CPU.ActiveCfg = Release|Any CPU
		{3870E2C9-E4B5-4049-AE24-25727AD8DF80}.Release|Any CPU.Build.0 = Release|Any CPU
		{3870E2C9-E4B5-4049-AE24-25727AD8DF80}.Release|x64.ActiveCfg = Release|Any CPU
		{3870E2C9-E4B5-4049-AE24-25727AD8DF80}.Release|x64.Build.0 = Release|Any CPU
		{3870E2C9-E4B5-4049-AE24-25727AD8DF80}.Release|x86.ActiveCfg = Release|Any CPU
		{3870E2C9-E4B5-4049-AE24-25727AD8DF80}.Release|x86.Build.0 = Release|Any CPU
		{3F9B40C8-AE18-499A-980E-FA3E95ACF527}.Debug|Any CPU.ActiveCfg = Debug|Any CPU
		{3F9B40C8-AE18-499A-980E-FA3E95ACF527}.Debug|Any CPU.Build.0 = Debug|Any CPU
		{3F9B40C8-AE18-499A-980E-FA3E95ACF527}.Debug|x64.ActiveCfg = Debug|Any CPU
		{3F9B40C8-AE18-499A-980E-FA3E95ACF527}.Debug|x64.Build.0 = Debug|Any CPU
		{3F9B40C8-AE18-499A-980E-FA3E95ACF527}.Debug|x86.ActiveCfg = Debug|Any CPU
		{3F9B40C8-AE18-499A-980E-FA3E95ACF527}.Debug|x86.Build.0 = Debug|Any CPU
		{3F9B40C8-AE18-499A-980E-FA3E95ACF527}.Release|Any CPU.ActiveCfg = Release|Any CPU
		{3F9B40C8-AE18-499A-980E-FA3E95ACF527}.Release|Any CPU.Build.0 = Release|Any CPU
		{3F9B40C8-AE18-499A-980E-FA3E95ACF527}.Release|x64.ActiveCfg = Release|Any CPU
		{3F9B40C8-AE18-499A-980E-FA3E95ACF527}.Release|x64.Build.0 = Release|Any CPU
		{3F9B40C8-AE18-499A-980E-FA3E95ACF527}.Release|x86.ActiveCfg = Release|Any CPU
		{3F9B40C8-AE18-499A-980E-FA3E95ACF527}.Release|x86.Build.0 = Release|Any CPU
		{83BA1495-6CF9-4005-BC60-06668CE94EE7}.Debug|Any CPU.ActiveCfg = Debug|Any CPU
		{83BA1495-6CF9-4005-BC60-06668CE94EE7}.Debug|Any CPU.Build.0 = Debug|Any CPU
		{83BA1495-6CF9-4005-BC60-06668CE94EE7}.Debug|x64.ActiveCfg = Debug|Any CPU
		{83BA1495-6CF9-4005-BC60-06668CE94EE7}.Debug|x64.Build.0 = Debug|Any CPU
		{83BA1495-6CF9-4005-BC60-06668CE94EE7}.Debug|x86.ActiveCfg = Debug|Any CPU
		{83BA1495-6CF9-4005-BC60-06668CE94EE7}.Debug|x86.Build.0 = Debug|Any CPU
		{83BA1495-6CF9-4005-BC60-06668CE94EE7}.Release|Any CPU.ActiveCfg = Release|Any CPU
		{83BA1495-6CF9-4005-BC60-06668CE94EE7}.Release|Any CPU.Build.0 = Release|Any CPU
		{83BA1495-6CF9-4005-BC60-06668CE94EE7}.Release|x64.ActiveCfg = Release|Any CPU
		{83BA1495-6CF9-4005-BC60-06668CE94EE7}.Release|x64.Build.0 = Release|Any CPU
		{83BA1495-6CF9-4005-BC60-06668CE94EE7}.Release|x86.ActiveCfg = Release|Any CPU
		{83BA1495-6CF9-4005-BC60-06668CE94EE7}.Release|x86.Build.0 = Release|Any CPU
		{B5C6788D-CB64-4D18-9C39-6957F4B8272B}.Debug|Any CPU.ActiveCfg = Debug|Any CPU
		{B5C6788D-CB64-4D18-9C39-6957F4B8272B}.Debug|Any CPU.Build.0 = Debug|Any CPU
		{B5C6788D-CB64-4D18-9C39-6957F4B8272B}.Debug|x64.ActiveCfg = Debug|Any CPU
		{B5C6788D-CB64-4D18-9C39-6957F4B8272B}.Debug|x64.Build.0 = Debug|Any CPU
		{B5C6788D-CB64-4D18-9C39-6957F4B8272B}.Debug|x86.ActiveCfg = Debug|Any CPU
		{B5C6788D-CB64-4D18-9C39-6957F4B8272B}.Debug|x86.Build.0 = Debug|Any CPU
		{B5C6788D-CB64-4D18-9C39-6957F4B8272B}.Release|Any CPU.ActiveCfg = Release|Any CPU
		{B5C6788D-CB64-4D18-9C39-6957F4B8272B}.Release|Any CPU.Build.0 = Release|Any CPU
		{B5C6788D-CB64-4D18-9C39-6957F4B8272B}.Release|x64.ActiveCfg = Release|Any CPU
		{B5C6788D-CB64-4D18-9C39-6957F4B8272B}.Release|x64.Build.0 = Release|Any CPU
		{B5C6788D-CB64-4D18-9C39-6957F4B8272B}.Release|x86.ActiveCfg = Release|Any CPU
		{B5C6788D-CB64-4D18-9C39-6957F4B8272B}.Release|x86.Build.0 = Release|Any CPU
		{447305E7-6DD7-4D8F-BE0E-FB88C9951C50}.Debug|Any CPU.ActiveCfg = Debug|Any CPU
		{447305E7-6DD7-4D8F-BE0E-FB88C9951C50}.Debug|Any CPU.Build.0 = Debug|Any CPU
		{447305E7-6DD7-4D8F-BE0E-FB88C9951C50}.Debug|x64.ActiveCfg = Debug|Any CPU
		{447305E7-6DD7-4D8F-BE0E-FB88C9951C50}.Debug|x64.Build.0 = Debug|Any CPU
		{447305E7-6DD7-4D8F-BE0E-FB88C9951C50}.Debug|x86.ActiveCfg = Debug|Any CPU
		{447305E7-6DD7-4D8F-BE0E-FB88C9951C50}.Debug|x86.Build.0 = Debug|Any CPU
		{447305E7-6DD7-4D8F-BE0E-FB88C9951C50}.Release|Any CPU.ActiveCfg = Release|Any CPU
		{447305E7-6DD7-4D8F-BE0E-FB88C9951C50}.Release|Any CPU.Build.0 = Release|Any CPU
		{447305E7-6DD7-4D8F-BE0E-FB88C9951C50}.Release|x64.ActiveCfg = Release|Any CPU
		{447305E7-6DD7-4D8F-BE0E-FB88C9951C50}.Release|x64.Build.0 = Release|Any CPU
		{447305E7-6DD7-4D8F-BE0E-FB88C9951C50}.Release|x86.ActiveCfg = Release|Any CPU
		{447305E7-6DD7-4D8F-BE0E-FB88C9951C50}.Release|x86.Build.0 = Release|Any CPU
		{AB0E2D3A-4554-4AB2-89DD-B4C9DCA087A1}.Debug|Any CPU.ActiveCfg = Debug|Any CPU
		{AB0E2D3A-4554-4AB2-89DD-B4C9DCA087A1}.Debug|Any CPU.Build.0 = Debug|Any CPU
		{AB0E2D3A-4554-4AB2-89DD-B4C9DCA087A1}.Debug|x64.ActiveCfg = Debug|Any CPU
		{AB0E2D3A-4554-4AB2-89DD-B4C9DCA087A1}.Debug|x64.Build.0 = Debug|Any CPU
		{AB0E2D3A-4554-4AB2-89DD-B4C9DCA087A1}.Debug|x86.ActiveCfg = Debug|Any CPU
		{AB0E2D3A-4554-4AB2-89DD-B4C9DCA087A1}.Debug|x86.Build.0 = Debug|Any CPU
		{AB0E2D3A-4554-4AB2-89DD-B4C9DCA087A1}.Release|Any CPU.ActiveCfg = Release|Any CPU
		{AB0E2D3A-4554-4AB2-89DD-B4C9DCA087A1}.Release|Any CPU.Build.0 = Release|Any CPU
		{AB0E2D3A-4554-4AB2-89DD-B4C9DCA087A1}.Release|x64.ActiveCfg = Release|Any CPU
		{AB0E2D3A-4554-4AB2-89DD-B4C9DCA087A1}.Release|x64.Build.0 = Release|Any CPU
		{AB0E2D3A-4554-4AB2-89DD-B4C9DCA087A1}.Release|x86.ActiveCfg = Release|Any CPU
		{AB0E2D3A-4554-4AB2-89DD-B4C9DCA087A1}.Release|x86.Build.0 = Release|Any CPU
		{50625367-18F0-4D1B-8FD7-3E6C9812F7CF}.Debug|Any CPU.ActiveCfg = Debug|Any CPU
		{50625367-18F0-4D1B-8FD7-3E6C9812F7CF}.Debug|Any CPU.Build.0 = Debug|Any CPU
		{50625367-18F0-4D1B-8FD7-3E6C9812F7CF}.Debug|x64.ActiveCfg = Debug|Any CPU
		{50625367-18F0-4D1B-8FD7-3E6C9812F7CF}.Debug|x64.Build.0 = Debug|Any CPU
		{50625367-18F0-4D1B-8FD7-3E6C9812F7CF}.Debug|x86.ActiveCfg = Debug|Any CPU
		{50625367-18F0-4D1B-8FD7-3E6C9812F7CF}.Debug|x86.Build.0 = Debug|Any CPU
		{50625367-18F0-4D1B-8FD7-3E6C9812F7CF}.Release|Any CPU.ActiveCfg = Release|Any CPU
		{50625367-18F0-4D1B-8FD7-3E6C9812F7CF}.Release|Any CPU.Build.0 = Release|Any CPU
		{50625367-18F0-4D1B-8FD7-3E6C9812F7CF}.Release|x64.ActiveCfg = Release|Any CPU
		{50625367-18F0-4D1B-8FD7-3E6C9812F7CF}.Release|x64.Build.0 = Release|Any CPU
		{50625367-18F0-4D1B-8FD7-3E6C9812F7CF}.Release|x86.ActiveCfg = Release|Any CPU
		{50625367-18F0-4D1B-8FD7-3E6C9812F7CF}.Release|x86.Build.0 = Release|Any CPU
		{26DEDACB-52DD-423A-923A-1DFDCA17765B}.Debug|Any CPU.ActiveCfg = Debug|Any CPU
		{26DEDACB-52DD-423A-923A-1DFDCA17765B}.Debug|Any CPU.Build.0 = Debug|Any CPU
		{26DEDACB-52DD-423A-923A-1DFDCA17765B}.Debug|x64.ActiveCfg = Debug|Any CPU
		{26DEDACB-52DD-423A-923A-1DFDCA17765B}.Debug|x64.Build.0 = Debug|Any CPU
		{26DEDACB-52DD-423A-923A-1DFDCA17765B}.Debug|x86.ActiveCfg = Debug|Any CPU
		{26DEDACB-52DD-423A-923A-1DFDCA17765B}.Debug|x86.Build.0 = Debug|Any CPU
		{26DEDACB-52DD-423A-923A-1DFDCA17765B}.Release|Any CPU.ActiveCfg = Release|Any CPU
		{26DEDACB-52DD-423A-923A-1DFDCA17765B}.Release|Any CPU.Build.0 = Release|Any CPU
		{26DEDACB-52DD-423A-923A-1DFDCA17765B}.Release|x64.ActiveCfg = Release|Any CPU
		{26DEDACB-52DD-423A-923A-1DFDCA17765B}.Release|x64.Build.0 = Release|Any CPU
		{26DEDACB-52DD-423A-923A-1DFDCA17765B}.Release|x86.ActiveCfg = Release|Any CPU
		{26DEDACB-52DD-423A-923A-1DFDCA17765B}.Release|x86.Build.0 = Release|Any CPU
		{F4D124FD-DE0B-4058-8D1E-0E35601158A9}.Debug|Any CPU.ActiveCfg = Debug|Any CPU
		{F4D124FD-DE0B-4058-8D1E-0E35601158A9}.Debug|Any CPU.Build.0 = Debug|Any CPU
		{F4D124FD-DE0B-4058-8D1E-0E35601158A9}.Debug|x64.ActiveCfg = Debug|Any CPU
		{F4D124FD-DE0B-4058-8D1E-0E35601158A9}.Debug|x64.Build.0 = Debug|Any CPU
		{F4D124FD-DE0B-4058-8D1E-0E35601158A9}.Debug|x86.ActiveCfg = Debug|Any CPU
		{F4D124FD-DE0B-4058-8D1E-0E35601158A9}.Debug|x86.Build.0 = Debug|Any CPU
		{F4D124FD-DE0B-4058-8D1E-0E35601158A9}.Release|Any CPU.ActiveCfg = Release|Any CPU
		{F4D124FD-DE0B-4058-8D1E-0E35601158A9}.Release|Any CPU.Build.0 = Release|Any CPU
		{F4D124FD-DE0B-4058-8D1E-0E35601158A9}.Release|x64.ActiveCfg = Release|Any CPU
		{F4D124FD-DE0B-4058-8D1E-0E35601158A9}.Release|x64.Build.0 = Release|Any CPU
		{F4D124FD-DE0B-4058-8D1E-0E35601158A9}.Release|x86.ActiveCfg = Release|Any CPU
		{F4D124FD-DE0B-4058-8D1E-0E35601158A9}.Release|x86.Build.0 = Release|Any CPU
		{E4E8D3F3-94FD-4ED7-B7E9-9B3E25379786}.Debug|Any CPU.ActiveCfg = Debug|Any CPU
		{E4E8D3F3-94FD-4ED7-B7E9-9B3E25379786}.Debug|Any CPU.Build.0 = Debug|Any CPU
		{E4E8D3F3-94FD-4ED7-B7E9-9B3E25379786}.Debug|x64.ActiveCfg = Debug|Any CPU
		{E4E8D3F3-94FD-4ED7-B7E9-9B3E25379786}.Debug|x64.Build.0 = Debug|Any CPU
		{E4E8D3F3-94FD-4ED7-B7E9-9B3E25379786}.Debug|x86.ActiveCfg = Debug|Any CPU
		{E4E8D3F3-94FD-4ED7-B7E9-9B3E25379786}.Debug|x86.Build.0 = Debug|Any CPU
		{E4E8D3F3-94FD-4ED7-B7E9-9B3E25379786}.Release|Any CPU.ActiveCfg = Release|Any CPU
		{E4E8D3F3-94FD-4ED7-B7E9-9B3E25379786}.Release|Any CPU.Build.0 = Release|Any CPU
		{E4E8D3F3-94FD-4ED7-B7E9-9B3E25379786}.Release|x64.ActiveCfg = Release|Any CPU
		{E4E8D3F3-94FD-4ED7-B7E9-9B3E25379786}.Release|x64.Build.0 = Release|Any CPU
		{E4E8D3F3-94FD-4ED7-B7E9-9B3E25379786}.Release|x86.ActiveCfg = Release|Any CPU
		{E4E8D3F3-94FD-4ED7-B7E9-9B3E25379786}.Release|x86.Build.0 = Release|Any CPU
		{13837349-0A05-494B-AFD8-B55FB5F59CCD}.Debug|Any CPU.ActiveCfg = Debug|Any CPU
		{13837349-0A05-494B-AFD8-B55FB5F59CCD}.Debug|Any CPU.Build.0 = Debug|Any CPU
		{13837349-0A05-494B-AFD8-B55FB5F59CCD}.Debug|x64.ActiveCfg = Debug|Any CPU
		{13837349-0A05-494B-AFD8-B55FB5F59CCD}.Debug|x64.Build.0 = Debug|Any CPU
		{13837349-0A05-494B-AFD8-B55FB5F59CCD}.Debug|x86.ActiveCfg = Debug|Any CPU
		{13837349-0A05-494B-AFD8-B55FB5F59CCD}.Debug|x86.Build.0 = Debug|Any CPU
		{13837349-0A05-494B-AFD8-B55FB5F59CCD}.Release|Any CPU.ActiveCfg = Release|Any CPU
		{13837349-0A05-494B-AFD8-B55FB5F59CCD}.Release|Any CPU.Build.0 = Release|Any CPU
		{13837349-0A05-494B-AFD8-B55FB5F59CCD}.Release|x64.ActiveCfg = Release|Any CPU
		{13837349-0A05-494B-AFD8-B55FB5F59CCD}.Release|x64.Build.0 = Release|Any CPU
		{13837349-0A05-494B-AFD8-B55FB5F59CCD}.Release|x86.ActiveCfg = Release|Any CPU
		{13837349-0A05-494B-AFD8-B55FB5F59CCD}.Release|x86.Build.0 = Release|Any CPU
		{0435695C-EAB1-4F26-8FA1-5F26CBBD94A2}.Debug|Any CPU.ActiveCfg = Debug|Any CPU
		{0435695C-EAB1-4F26-8FA1-5F26CBBD94A2}.Debug|Any CPU.Build.0 = Debug|Any CPU
		{0435695C-EAB1-4F26-8FA1-5F26CBBD94A2}.Debug|x64.ActiveCfg = Debug|Any CPU
		{0435695C-EAB1-4F26-8FA1-5F26CBBD94A2}.Debug|x64.Build.0 = Debug|Any CPU
		{0435695C-EAB1-4F26-8FA1-5F26CBBD94A2}.Debug|x86.ActiveCfg = Debug|Any CPU
		{0435695C-EAB1-4F26-8FA1-5F26CBBD94A2}.Debug|x86.Build.0 = Debug|Any CPU
		{0435695C-EAB1-4F26-8FA1-5F26CBBD94A2}.Release|Any CPU.ActiveCfg = Release|Any CPU
		{0435695C-EAB1-4F26-8FA1-5F26CBBD94A2}.Release|Any CPU.Build.0 = Release|Any CPU
		{0435695C-EAB1-4F26-8FA1-5F26CBBD94A2}.Release|x64.ActiveCfg = Release|Any CPU
		{0435695C-EAB1-4F26-8FA1-5F26CBBD94A2}.Release|x64.Build.0 = Release|Any CPU
		{0435695C-EAB1-4F26-8FA1-5F26CBBD94A2}.Release|x86.ActiveCfg = Release|Any CPU
		{0435695C-EAB1-4F26-8FA1-5F26CBBD94A2}.Release|x86.Build.0 = Release|Any CPU
		{1755BA30-ECA1-4B4F-ACD7-05BFE8C2BD20}.Debug|Any CPU.ActiveCfg = Debug|Any CPU
		{1755BA30-ECA1-4B4F-ACD7-05BFE8C2BD20}.Debug|Any CPU.Build.0 = Debug|Any CPU
		{1755BA30-ECA1-4B4F-ACD7-05BFE8C2BD20}.Debug|x64.ActiveCfg = Debug|Any CPU
		{1755BA30-ECA1-4B4F-ACD7-05BFE8C2BD20}.Debug|x64.Build.0 = Debug|Any CPU
		{1755BA30-ECA1-4B4F-ACD7-05BFE8C2BD20}.Debug|x86.ActiveCfg = Debug|Any CPU
		{1755BA30-ECA1-4B4F-ACD7-05BFE8C2BD20}.Debug|x86.Build.0 = Debug|Any CPU
		{1755BA30-ECA1-4B4F-ACD7-05BFE8C2BD20}.Release|Any CPU.ActiveCfg = Release|Any CPU
		{1755BA30-ECA1-4B4F-ACD7-05BFE8C2BD20}.Release|Any CPU.Build.0 = Release|Any CPU
		{1755BA30-ECA1-4B4F-ACD7-05BFE8C2BD20}.Release|x64.ActiveCfg = Release|Any CPU
		{1755BA30-ECA1-4B4F-ACD7-05BFE8C2BD20}.Release|x64.Build.0 = Release|Any CPU
		{1755BA30-ECA1-4B4F-ACD7-05BFE8C2BD20}.Release|x86.ActiveCfg = Release|Any CPU
		{1755BA30-ECA1-4B4F-ACD7-05BFE8C2BD20}.Release|x86.Build.0 = Release|Any CPU
		{83C46BC1-EBBB-4EBA-88F6-A0D06FB33950}.Debug|Any CPU.ActiveCfg = Debug|Any CPU
		{83C46BC1-EBBB-4EBA-88F6-A0D06FB33950}.Debug|Any CPU.Build.0 = Debug|Any CPU
		{83C46BC1-EBBB-4EBA-88F6-A0D06FB33950}.Debug|x64.ActiveCfg = Debug|Any CPU
		{83C46BC1-EBBB-4EBA-88F6-A0D06FB33950}.Debug|x64.Build.0 = Debug|Any CPU
		{83C46BC1-EBBB-4EBA-88F6-A0D06FB33950}.Debug|x86.ActiveCfg = Debug|Any CPU
		{83C46BC1-EBBB-4EBA-88F6-A0D06FB33950}.Debug|x86.Build.0 = Debug|Any CPU
		{83C46BC1-EBBB-4EBA-88F6-A0D06FB33950}.Release|Any CPU.ActiveCfg = Release|Any CPU
		{83C46BC1-EBBB-4EBA-88F6-A0D06FB33950}.Release|Any CPU.Build.0 = Release|Any CPU
		{83C46BC1-EBBB-4EBA-88F6-A0D06FB33950}.Release|x64.ActiveCfg = Release|Any CPU
		{83C46BC1-EBBB-4EBA-88F6-A0D06FB33950}.Release|x64.Build.0 = Release|Any CPU
		{83C46BC1-EBBB-4EBA-88F6-A0D06FB33950}.Release|x86.ActiveCfg = Release|Any CPU
		{83C46BC1-EBBB-4EBA-88F6-A0D06FB33950}.Release|x86.Build.0 = Release|Any CPU
		{0C45411B-A7F4-4DE3-A0AA-219DEBB99AAB}.Debug|Any CPU.ActiveCfg = Debug|Any CPU
		{0C45411B-A7F4-4DE3-A0AA-219DEBB99AAB}.Debug|Any CPU.Build.0 = Debug|Any CPU
		{0C45411B-A7F4-4DE3-A0AA-219DEBB99AAB}.Debug|x64.ActiveCfg = Debug|Any CPU
		{0C45411B-A7F4-4DE3-A0AA-219DEBB99AAB}.Debug|x64.Build.0 = Debug|Any CPU
		{0C45411B-A7F4-4DE3-A0AA-219DEBB99AAB}.Debug|x86.ActiveCfg = Debug|Any CPU
		{0C45411B-A7F4-4DE3-A0AA-219DEBB99AAB}.Debug|x86.Build.0 = Debug|Any CPU
		{0C45411B-A7F4-4DE3-A0AA-219DEBB99AAB}.Release|Any CPU.ActiveCfg = Release|Any CPU
		{0C45411B-A7F4-4DE3-A0AA-219DEBB99AAB}.Release|Any CPU.Build.0 = Release|Any CPU
		{0C45411B-A7F4-4DE3-A0AA-219DEBB99AAB}.Release|x64.ActiveCfg = Release|Any CPU
		{0C45411B-A7F4-4DE3-A0AA-219DEBB99AAB}.Release|x64.Build.0 = Release|Any CPU
		{0C45411B-A7F4-4DE3-A0AA-219DEBB99AAB}.Release|x86.ActiveCfg = Release|Any CPU
		{0C45411B-A7F4-4DE3-A0AA-219DEBB99AAB}.Release|x86.Build.0 = Release|Any CPU
		{97532302-083B-4CE5-86F4-E18746CB32A8}.Debug|Any CPU.ActiveCfg = Debug|Any CPU
		{97532302-083B-4CE5-86F4-E18746CB32A8}.Debug|Any CPU.Build.0 = Debug|Any CPU
		{97532302-083B-4CE5-86F4-E18746CB32A8}.Debug|x64.ActiveCfg = Debug|Any CPU
		{97532302-083B-4CE5-86F4-E18746CB32A8}.Debug|x64.Build.0 = Debug|Any CPU
		{97532302-083B-4CE5-86F4-E18746CB32A8}.Debug|x86.ActiveCfg = Debug|Any CPU
		{97532302-083B-4CE5-86F4-E18746CB32A8}.Debug|x86.Build.0 = Debug|Any CPU
		{97532302-083B-4CE5-86F4-E18746CB32A8}.Release|Any CPU.ActiveCfg = Release|Any CPU
		{97532302-083B-4CE5-86F4-E18746CB32A8}.Release|Any CPU.Build.0 = Release|Any CPU
		{97532302-083B-4CE5-86F4-E18746CB32A8}.Release|x64.ActiveCfg = Release|Any CPU
		{97532302-083B-4CE5-86F4-E18746CB32A8}.Release|x64.Build.0 = Release|Any CPU
		{97532302-083B-4CE5-86F4-E18746CB32A8}.Release|x86.ActiveCfg = Release|Any CPU
		{97532302-083B-4CE5-86F4-E18746CB32A8}.Release|x86.Build.0 = Release|Any CPU
		{984FFCD4-2EB2-4BC9-BE5E-7FB0544C7019}.Debug|Any CPU.ActiveCfg = Debug|Any CPU
		{984FFCD4-2EB2-4BC9-BE5E-7FB0544C7019}.Debug|Any CPU.Build.0 = Debug|Any CPU
		{984FFCD4-2EB2-4BC9-BE5E-7FB0544C7019}.Debug|x64.ActiveCfg = Debug|Any CPU
		{984FFCD4-2EB2-4BC9-BE5E-7FB0544C7019}.Debug|x64.Build.0 = Debug|Any CPU
		{984FFCD4-2EB2-4BC9-BE5E-7FB0544C7019}.Debug|x86.ActiveCfg = Debug|Any CPU
		{984FFCD4-2EB2-4BC9-BE5E-7FB0544C7019}.Debug|x86.Build.0 = Debug|Any CPU
		{984FFCD4-2EB2-4BC9-BE5E-7FB0544C7019}.Release|Any CPU.ActiveCfg = Release|Any CPU
		{984FFCD4-2EB2-4BC9-BE5E-7FB0544C7019}.Release|Any CPU.Build.0 = Release|Any CPU
		{984FFCD4-2EB2-4BC9-BE5E-7FB0544C7019}.Release|x64.ActiveCfg = Release|Any CPU
		{984FFCD4-2EB2-4BC9-BE5E-7FB0544C7019}.Release|x64.Build.0 = Release|Any CPU
		{984FFCD4-2EB2-4BC9-BE5E-7FB0544C7019}.Release|x86.ActiveCfg = Release|Any CPU
		{984FFCD4-2EB2-4BC9-BE5E-7FB0544C7019}.Release|x86.Build.0 = Release|Any CPU
		{46A3AA12-CB7C-4548-89CF-63359096E594}.Debug|Any CPU.ActiveCfg = Debug|Any CPU
		{46A3AA12-CB7C-4548-89CF-63359096E594}.Debug|Any CPU.Build.0 = Debug|Any CPU
		{46A3AA12-CB7C-4548-89CF-63359096E594}.Debug|x64.ActiveCfg = Debug|Any CPU
		{46A3AA12-CB7C-4548-89CF-63359096E594}.Debug|x64.Build.0 = Debug|Any CPU
		{46A3AA12-CB7C-4548-89CF-63359096E594}.Debug|x86.ActiveCfg = Debug|Any CPU
		{46A3AA12-CB7C-4548-89CF-63359096E594}.Debug|x86.Build.0 = Debug|Any CPU
		{46A3AA12-CB7C-4548-89CF-63359096E594}.Release|Any CPU.ActiveCfg = Release|Any CPU
		{46A3AA12-CB7C-4548-89CF-63359096E594}.Release|Any CPU.Build.0 = Release|Any CPU
		{46A3AA12-CB7C-4548-89CF-63359096E594}.Release|x64.ActiveCfg = Release|Any CPU
		{46A3AA12-CB7C-4548-89CF-63359096E594}.Release|x64.Build.0 = Release|Any CPU
		{46A3AA12-CB7C-4548-89CF-63359096E594}.Release|x86.ActiveCfg = Release|Any CPU
		{46A3AA12-CB7C-4548-89CF-63359096E594}.Release|x86.Build.0 = Release|Any CPU
		{F24ADDED-3F15-44AA-AA04-D68D60A66778}.Debug|Any CPU.ActiveCfg = Debug|Any CPU
		{F24ADDED-3F15-44AA-AA04-D68D60A66778}.Debug|Any CPU.Build.0 = Debug|Any CPU
		{F24ADDED-3F15-44AA-AA04-D68D60A66778}.Debug|x64.ActiveCfg = Debug|Any CPU
		{F24ADDED-3F15-44AA-AA04-D68D60A66778}.Debug|x64.Build.0 = Debug|Any CPU
		{F24ADDED-3F15-44AA-AA04-D68D60A66778}.Debug|x86.ActiveCfg = Debug|Any CPU
		{F24ADDED-3F15-44AA-AA04-D68D60A66778}.Debug|x86.Build.0 = Debug|Any CPU
		{F24ADDED-3F15-44AA-AA04-D68D60A66778}.Release|Any CPU.ActiveCfg = Release|Any CPU
		{F24ADDED-3F15-44AA-AA04-D68D60A66778}.Release|Any CPU.Build.0 = Release|Any CPU
		{F24ADDED-3F15-44AA-AA04-D68D60A66778}.Release|x64.ActiveCfg = Release|Any CPU
		{F24ADDED-3F15-44AA-AA04-D68D60A66778}.Release|x64.Build.0 = Release|Any CPU
		{F24ADDED-3F15-44AA-AA04-D68D60A66778}.Release|x86.ActiveCfg = Release|Any CPU
		{F24ADDED-3F15-44AA-AA04-D68D60A66778}.Release|x86.Build.0 = Release|Any CPU
		{F4364DE7-8FFA-4C4B-A32D-390FB1A64B9A}.Debug|Any CPU.ActiveCfg = Debug|Any CPU
		{F4364DE7-8FFA-4C4B-A32D-390FB1A64B9A}.Debug|Any CPU.Build.0 = Debug|Any CPU
		{F4364DE7-8FFA-4C4B-A32D-390FB1A64B9A}.Debug|x64.ActiveCfg = Debug|Any CPU
		{F4364DE7-8FFA-4C4B-A32D-390FB1A64B9A}.Debug|x64.Build.0 = Debug|Any CPU
		{F4364DE7-8FFA-4C4B-A32D-390FB1A64B9A}.Debug|x86.ActiveCfg = Debug|Any CPU
		{F4364DE7-8FFA-4C4B-A32D-390FB1A64B9A}.Debug|x86.Build.0 = Debug|Any CPU
		{F4364DE7-8FFA-4C4B-A32D-390FB1A64B9A}.Release|Any CPU.ActiveCfg = Release|Any CPU
		{F4364DE7-8FFA-4C4B-A32D-390FB1A64B9A}.Release|Any CPU.Build.0 = Release|Any CPU
		{F4364DE7-8FFA-4C4B-A32D-390FB1A64B9A}.Release|x64.ActiveCfg = Release|Any CPU
		{F4364DE7-8FFA-4C4B-A32D-390FB1A64B9A}.Release|x64.Build.0 = Release|Any CPU
		{F4364DE7-8FFA-4C4B-A32D-390FB1A64B9A}.Release|x86.ActiveCfg = Release|Any CPU
		{F4364DE7-8FFA-4C4B-A32D-390FB1A64B9A}.Release|x86.Build.0 = Release|Any CPU
		{8BAE1D06-1A0C-410D-8DBD-B1E196839448}.Debug|Any CPU.ActiveCfg = Debug|Any CPU
		{8BAE1D06-1A0C-410D-8DBD-B1E196839448}.Debug|Any CPU.Build.0 = Debug|Any CPU
		{8BAE1D06-1A0C-410D-8DBD-B1E196839448}.Debug|x64.ActiveCfg = Debug|Any CPU
		{8BAE1D06-1A0C-410D-8DBD-B1E196839448}.Debug|x64.Build.0 = Debug|Any CPU
		{8BAE1D06-1A0C-410D-8DBD-B1E196839448}.Debug|x86.ActiveCfg = Debug|Any CPU
		{8BAE1D06-1A0C-410D-8DBD-B1E196839448}.Debug|x86.Build.0 = Debug|Any CPU
		{8BAE1D06-1A0C-410D-8DBD-B1E196839448}.Release|Any CPU.ActiveCfg = Release|Any CPU
		{8BAE1D06-1A0C-410D-8DBD-B1E196839448}.Release|Any CPU.Build.0 = Release|Any CPU
		{8BAE1D06-1A0C-410D-8DBD-B1E196839448}.Release|x64.ActiveCfg = Release|Any CPU
		{8BAE1D06-1A0C-410D-8DBD-B1E196839448}.Release|x64.Build.0 = Release|Any CPU
		{8BAE1D06-1A0C-410D-8DBD-B1E196839448}.Release|x86.ActiveCfg = Release|Any CPU
		{8BAE1D06-1A0C-410D-8DBD-B1E196839448}.Release|x86.Build.0 = Release|Any CPU
		{E1DFD3AE-8CB2-4F42-ABD6-6632318903DB}.Debug|Any CPU.ActiveCfg = Debug|Any CPU
		{E1DFD3AE-8CB2-4F42-ABD6-6632318903DB}.Debug|Any CPU.Build.0 = Debug|Any CPU
		{E1DFD3AE-8CB2-4F42-ABD6-6632318903DB}.Debug|x64.ActiveCfg = Debug|Any CPU
		{E1DFD3AE-8CB2-4F42-ABD6-6632318903DB}.Debug|x64.Build.0 = Debug|Any CPU
		{E1DFD3AE-8CB2-4F42-ABD6-6632318903DB}.Debug|x86.ActiveCfg = Debug|Any CPU
		{E1DFD3AE-8CB2-4F42-ABD6-6632318903DB}.Debug|x86.Build.0 = Debug|Any CPU
		{E1DFD3AE-8CB2-4F42-ABD6-6632318903DB}.Release|Any CPU.ActiveCfg = Release|Any CPU
		{E1DFD3AE-8CB2-4F42-ABD6-6632318903DB}.Release|Any CPU.Build.0 = Release|Any CPU
		{E1DFD3AE-8CB2-4F42-ABD6-6632318903DB}.Release|x64.ActiveCfg = Release|Any CPU
		{E1DFD3AE-8CB2-4F42-ABD6-6632318903DB}.Release|x64.Build.0 = Release|Any CPU
		{E1DFD3AE-8CB2-4F42-ABD6-6632318903DB}.Release|x86.ActiveCfg = Release|Any CPU
		{E1DFD3AE-8CB2-4F42-ABD6-6632318903DB}.Release|x86.Build.0 = Release|Any CPU
		{506A2533-75C9-4517-BD6A-E83E8F847001}.Debug|Any CPU.ActiveCfg = Debug|Any CPU
		{506A2533-75C9-4517-BD6A-E83E8F847001}.Debug|Any CPU.Build.0 = Debug|Any CPU
		{506A2533-75C9-4517-BD6A-E83E8F847001}.Debug|x64.ActiveCfg = Debug|Any CPU
		{506A2533-75C9-4517-BD6A-E83E8F847001}.Debug|x64.Build.0 = Debug|Any CPU
		{506A2533-75C9-4517-BD6A-E83E8F847001}.Debug|x86.ActiveCfg = Debug|Any CPU
		{506A2533-75C9-4517-BD6A-E83E8F847001}.Debug|x86.Build.0 = Debug|Any CPU
		{506A2533-75C9-4517-BD6A-E83E8F847001}.Release|Any CPU.ActiveCfg = Release|Any CPU
		{506A2533-75C9-4517-BD6A-E83E8F847001}.Release|Any CPU.Build.0 = Release|Any CPU
		{506A2533-75C9-4517-BD6A-E83E8F847001}.Release|x64.ActiveCfg = Release|Any CPU
		{506A2533-75C9-4517-BD6A-E83E8F847001}.Release|x64.Build.0 = Release|Any CPU
		{506A2533-75C9-4517-BD6A-E83E8F847001}.Release|x86.ActiveCfg = Release|Any CPU
		{506A2533-75C9-4517-BD6A-E83E8F847001}.Release|x86.Build.0 = Release|Any CPU
		{CAC4311F-1A68-4AFF-A10B-DF7FA36E5712}.Debug|Any CPU.ActiveCfg = Debug|Any CPU
		{CAC4311F-1A68-4AFF-A10B-DF7FA36E5712}.Debug|Any CPU.Build.0 = Debug|Any CPU
		{CAC4311F-1A68-4AFF-A10B-DF7FA36E5712}.Debug|x64.ActiveCfg = Debug|Any CPU
		{CAC4311F-1A68-4AFF-A10B-DF7FA36E5712}.Debug|x64.Build.0 = Debug|Any CPU
		{CAC4311F-1A68-4AFF-A10B-DF7FA36E5712}.Debug|x86.ActiveCfg = Debug|Any CPU
		{CAC4311F-1A68-4AFF-A10B-DF7FA36E5712}.Debug|x86.Build.0 = Debug|Any CPU
		{CAC4311F-1A68-4AFF-A10B-DF7FA36E5712}.Release|Any CPU.ActiveCfg = Release|Any CPU
		{CAC4311F-1A68-4AFF-A10B-DF7FA36E5712}.Release|Any CPU.Build.0 = Release|Any CPU
		{CAC4311F-1A68-4AFF-A10B-DF7FA36E5712}.Release|x64.ActiveCfg = Release|Any CPU
		{CAC4311F-1A68-4AFF-A10B-DF7FA36E5712}.Release|x64.Build.0 = Release|Any CPU
		{CAC4311F-1A68-4AFF-A10B-DF7FA36E5712}.Release|x86.ActiveCfg = Release|Any CPU
		{CAC4311F-1A68-4AFF-A10B-DF7FA36E5712}.Release|x86.Build.0 = Release|Any CPU
		{CAAD8020-A852-41D5-8F53-FF46C352125D}.Debug|Any CPU.ActiveCfg = Debug|Any CPU
		{CAAD8020-A852-41D5-8F53-FF46C352125D}.Debug|Any CPU.Build.0 = Debug|Any CPU
		{CAAD8020-A852-41D5-8F53-FF46C352125D}.Debug|x64.ActiveCfg = Debug|Any CPU
		{CAAD8020-A852-41D5-8F53-FF46C352125D}.Debug|x64.Build.0 = Debug|Any CPU
		{CAAD8020-A852-41D5-8F53-FF46C352125D}.Debug|x86.ActiveCfg = Debug|Any CPU
		{CAAD8020-A852-41D5-8F53-FF46C352125D}.Debug|x86.Build.0 = Debug|Any CPU
		{CAAD8020-A852-41D5-8F53-FF46C352125D}.Release|Any CPU.ActiveCfg = Release|Any CPU
		{CAAD8020-A852-41D5-8F53-FF46C352125D}.Release|Any CPU.Build.0 = Release|Any CPU
		{CAAD8020-A852-41D5-8F53-FF46C352125D}.Release|x64.ActiveCfg = Release|Any CPU
		{CAAD8020-A852-41D5-8F53-FF46C352125D}.Release|x64.Build.0 = Release|Any CPU
		{CAAD8020-A852-41D5-8F53-FF46C352125D}.Release|x86.ActiveCfg = Release|Any CPU
		{CAAD8020-A852-41D5-8F53-FF46C352125D}.Release|x86.Build.0 = Release|Any CPU
		{0C66424E-3C8E-4DB3-AB30-84706C6A4913}.Debug|Any CPU.ActiveCfg = Debug|Any CPU
		{0C66424E-3C8E-4DB3-AB30-84706C6A4913}.Debug|Any CPU.Build.0 = Debug|Any CPU
		{0C66424E-3C8E-4DB3-AB30-84706C6A4913}.Debug|x64.ActiveCfg = Debug|Any CPU
		{0C66424E-3C8E-4DB3-AB30-84706C6A4913}.Debug|x64.Build.0 = Debug|Any CPU
		{0C66424E-3C8E-4DB3-AB30-84706C6A4913}.Debug|x86.ActiveCfg = Debug|Any CPU
		{0C66424E-3C8E-4DB3-AB30-84706C6A4913}.Debug|x86.Build.0 = Debug|Any CPU
		{0C66424E-3C8E-4DB3-AB30-84706C6A4913}.Release|Any CPU.ActiveCfg = Release|Any CPU
		{0C66424E-3C8E-4DB3-AB30-84706C6A4913}.Release|Any CPU.Build.0 = Release|Any CPU
		{0C66424E-3C8E-4DB3-AB30-84706C6A4913}.Release|x64.ActiveCfg = Release|Any CPU
		{0C66424E-3C8E-4DB3-AB30-84706C6A4913}.Release|x64.Build.0 = Release|Any CPU
		{0C66424E-3C8E-4DB3-AB30-84706C6A4913}.Release|x86.ActiveCfg = Release|Any CPU
		{0C66424E-3C8E-4DB3-AB30-84706C6A4913}.Release|x86.Build.0 = Release|Any CPU
	EndGlobalSection
	GlobalSection(SolutionProperties) = preSolution
		HideSolutionNode = FALSE
	EndGlobalSection
	GlobalSection(NestedProjects) = preSolution
		{82C7D56F-6FC6-4220-AFCA-2C20DF179F18} = {827E0CD3-B72D-47B6-A68D-7590B98EB39B}
		{5E8BB5F1-A879-4EC3-9EC7-2409B99ADD09} = {0AB3BF05-4346-4AA6-1389-037BE0695223}
		{3870E2C9-E4B5-4049-AE24-25727AD8DF80} = {827E0CD3-B72D-47B6-A68D-7590B98EB39B}
		{3F9B40C8-AE18-499A-980E-FA3E95ACF527} = {827E0CD3-B72D-47B6-A68D-7590B98EB39B}
		{83BA1495-6CF9-4005-BC60-06668CE94EE7} = {827E0CD3-B72D-47B6-A68D-7590B98EB39B}
		{B5C6788D-CB64-4D18-9C39-6957F4B8272B} = {827E0CD3-B72D-47B6-A68D-7590B98EB39B}
		{447305E7-6DD7-4D8F-BE0E-FB88C9951C50} = {827E0CD3-B72D-47B6-A68D-7590B98EB39B}
		{AB0E2D3A-4554-4AB2-89DD-B4C9DCA087A1} = {827E0CD3-B72D-47B6-A68D-7590B98EB39B}
		{50625367-18F0-4D1B-8FD7-3E6C9812F7CF} = {5D20AA90-6969-D8BD-9DCD-8634F4692FDA}
		{26DEDACB-52DD-423A-923A-1DFDCA17765B} = {0AB3BF05-4346-4AA6-1389-037BE0695223}
		{F4D124FD-DE0B-4058-8D1E-0E35601158A9} = {0AB3BF05-4346-4AA6-1389-037BE0695223}
		{E4E8D3F3-94FD-4ED7-B7E9-9B3E25379786} = {0AB3BF05-4346-4AA6-1389-037BE0695223}
		{13837349-0A05-494B-AFD8-B55FB5F59CCD} = {0AB3BF05-4346-4AA6-1389-037BE0695223}
		{0435695C-EAB1-4F26-8FA1-5F26CBBD94A2} = {0AB3BF05-4346-4AA6-1389-037BE0695223}
		{1755BA30-ECA1-4B4F-ACD7-05BFE8C2BD20} = {0AB3BF05-4346-4AA6-1389-037BE0695223}
		{83C46BC1-EBBB-4EBA-88F6-A0D06FB33950} = {0AB3BF05-4346-4AA6-1389-037BE0695223}
		{0C45411B-A7F4-4DE3-A0AA-219DEBB99AAB} = {0AB3BF05-4346-4AA6-1389-037BE0695223}
		{97532302-083B-4CE5-86F4-E18746CB32A8} = {0AB3BF05-4346-4AA6-1389-037BE0695223}
		{984FFCD4-2EB2-4BC9-BE5E-7FB0544C7019} = {0AB3BF05-4346-4AA6-1389-037BE0695223}
		{46A3AA12-CB7C-4548-89CF-63359096E594} = {0AB3BF05-4346-4AA6-1389-037BE0695223}
		{F24ADDED-3F15-44AA-AA04-D68D60A66778} = {0AB3BF05-4346-4AA6-1389-037BE0695223}
		{F4364DE7-8FFA-4C4B-A32D-390FB1A64B9A} = {0AB3BF05-4346-4AA6-1389-037BE0695223}
		{8BAE1D06-1A0C-410D-8DBD-B1E196839448} = {0AB3BF05-4346-4AA6-1389-037BE0695223}
		{E1DFD3AE-8CB2-4F42-ABD6-6632318903DB} = {0AB3BF05-4346-4AA6-1389-037BE0695223}
		{506A2533-75C9-4517-BD6A-E83E8F847001} = {827E0CD3-B72D-47B6-A68D-7590B98EB39B}
		{CAC4311F-1A68-4AFF-A10B-DF7FA36E5712} = {0AB3BF05-4346-4AA6-1389-037BE0695223}
		{CAAD8020-A852-41D5-8F53-FF46C352125D} = {0AB3BF05-4346-4AA6-1389-037BE0695223}
		{0C66424E-3C8E-4DB3-AB30-84706C6A4913} = {5D20AA90-6969-D8BD-9DCD-8634F4692FDA}
	EndGlobalSection
EndGlobal
